// !$*UTF8*$!
{
	archiveVersion = 1;
	classes = {
	};
	objectVersion = 46;
	objects = {

/* Begin PBXBuildFile section */
		2B5D7B1B1AE8F91800903F74 /* AppDelegate.swift in Sources */ = {isa = PBXBuildFile; fileRef = 2B5D7B1A1AE8F91800903F74 /* AppDelegate.swift */; };
		2B5D7B1D1AE8F91800903F74 /* MainViewController.swift in Sources */ = {isa = PBXBuildFile; fileRef = 2B5D7B1C1AE8F91800903F74 /* MainViewController.swift */; };
		2B5D7B201AE8F91800903F74 /* Main.storyboard in Resources */ = {isa = PBXBuildFile; fileRef = 2B5D7B1E1AE8F91800903F74 /* Main.storyboard */; };
		2B5D7B221AE8F91800903F74 /* Images.xcassets in Resources */ = {isa = PBXBuildFile; fileRef = 2B5D7B211AE8F91800903F74 /* Images.xcassets */; };
		2B5D7B251AE8F91800903F74 /* LaunchScreen.xib in Resources */ = {isa = PBXBuildFile; fileRef = 2B5D7B231AE8F91800903F74 /* LaunchScreen.xib */; };
		2B5D7B311AE8F91800903F74 /* sliderTests.swift in Sources */ = {isa = PBXBuildFile; fileRef = 2B5D7B301AE8F91800903F74 /* sliderTests.swift */; };
		2B5D7B3B1AE8FAFC00903F74 /* BottomViewController.swift in Sources */ = {isa = PBXBuildFile; fileRef = 2B5D7B3A1AE8FAFC00903F74 /* BottomViewController.swift */; };
		2B5D7B3D1AE8FB7200903F74 /* TopViewController.swift in Sources */ = {isa = PBXBuildFile; fileRef = 2B5D7B3C1AE8FB7200903F74 /* TopViewController.swift */; };
		2B5D7B3F1AE90B1200903F74 /* grid.jpg in Resources */ = {isa = PBXBuildFile; fileRef = 2B5D7B3E1AE90B1200903F74 /* grid.jpg */; };
		2BDB149B1AE9BC47003E410E /* screenshot.gif in Resources */ = {isa = PBXBuildFile; fileRef = 2BDB149A1AE9BC47003E410E /* screenshot.gif */; };
/* End PBXBuildFile section */

/* Begin PBXContainerItemProxy section */
		2B5D7B2B1AE8F91800903F74 /* PBXContainerItemProxy */ = {
			isa = PBXContainerItemProxy;
			containerPortal = 2B5D7B0D1AE8F91800903F74 /* Project object */;
			proxyType = 1;
			remoteGlobalIDString = 2B5D7B141AE8F91800903F74;
			remoteInfo = slider;
		};
/* End PBXContainerItemProxy section */

/* Begin PBXFileReference section */
		2B5D7B151AE8F91800903F74 /* slider.app */ = {isa = PBXFileReference; explicitFileType = wrapper.application; includeInIndex = 0; path = slider.app; sourceTree = BUILT_PRODUCTS_DIR; };
		2B5D7B191AE8F91800903F74 /* Info.plist */ = {isa = PBXFileReference; lastKnownFileType = text.plist.xml; path = Info.plist; sourceTree = "<group>"; };
		2B5D7B1A1AE8F91800903F74 /* AppDelegate.swift */ = {isa = PBXFileReference; lastKnownFileType = sourcecode.swift; path = AppDelegate.swift; sourceTree = "<group>"; };
		2B5D7B1C1AE8F91800903F74 /* MainViewController.swift */ = {isa = PBXFileReference; lastKnownFileType = sourcecode.swift; path = MainViewController.swift; sourceTree = "<group>"; };
		2B5D7B1F1AE8F91800903F74 /* Base */ = {isa = PBXFileReference; lastKnownFileType = file.storyboard; name = Base; path = Base.lproj/Main.storyboard; sourceTree = "<group>"; };
		2B5D7B211AE8F91800903F74 /* Images.xcassets */ = {isa = PBXFileReference; lastKnownFileType = folder.assetcatalog; path = Images.xcassets; sourceTree = "<group>"; };
		2B5D7B241AE8F91800903F74 /* Base */ = {isa = PBXFileReference; lastKnownFileType = file.xib; name = Base; path = Base.lproj/LaunchScreen.xib; sourceTree = "<group>"; };
		2B5D7B2A1AE8F91800903F74 /* sliderTests.xctest */ = {isa = PBXFileReference; explicitFileType = wrapper.cfbundle; includeInIndex = 0; path = sliderTests.xctest; sourceTree = BUILT_PRODUCTS_DIR; };
		2B5D7B2F1AE8F91800903F74 /* Info.plist */ = {isa = PBXFileReference; lastKnownFileType = text.plist.xml; path = Info.plist; sourceTree = "<group>"; };
		2B5D7B301AE8F91800903F74 /* sliderTests.swift */ = {isa = PBXFileReference; lastKnownFileType = sourcecode.swift; path = sliderTests.swift; sourceTree = "<group>"; };
		2B5D7B3A1AE8FAFC00903F74 /* BottomViewController.swift */ = {isa = PBXFileReference; fileEncoding = 4; lastKnownFileType = sourcecode.swift; path = BottomViewController.swift; sourceTree = "<group>"; };
		2B5D7B3C1AE8FB7200903F74 /* TopViewController.swift */ = {isa = PBXFileReference; fileEncoding = 4; lastKnownFileType = sourcecode.swift; path = TopViewController.swift; sourceTree = "<group>"; };
		2B5D7B3E1AE90B1200903F74 /* grid.jpg */ = {isa = PBXFileReference; lastKnownFileType = image.jpeg; path = grid.jpg; sourceTree = "<group>"; };
		2BDB149A1AE9BC47003E410E /* screenshot.gif */ = {isa = PBXFileReference; lastKnownFileType = image.gif; path = screenshot.gif; sourceTree = "<group>"; };
/* End PBXFileReference section */

/* Begin PBXFrameworksBuildPhase section */
		2B5D7B121AE8F91800903F74 /* Frameworks */ = {
			isa = PBXFrameworksBuildPhase;
			buildActionMask = 2147483647;
			files = (
			);
			runOnlyForDeploymentPostprocessing = 0;
		};
		2B5D7B271AE8F91800903F74 /* Frameworks */ = {
			isa = PBXFrameworksBuildPhase;
			buildActionMask = 2147483647;
			files = (
			);
			runOnlyForDeploymentPostprocessing = 0;
		};
/* End PBXFrameworksBuildPhase section */

/* Begin PBXGroup section */
		2B5D7B0C1AE8F91800903F74 = {
			isa = PBXGroup;
			children = (
				2B5D7B171AE8F91800903F74 /* slider */,
				2B5D7B2D1AE8F91800903F74 /* sliderTests */,
				2B5D7B161AE8F91800903F74 /* Products */,
			);
			sourceTree = "<group>";
		};
		2B5D7B161AE8F91800903F74 /* Products */ = {
			isa = PBXGroup;
			children = (
				2B5D7B151AE8F91800903F74 /* slider.app */,
				2B5D7B2A1AE8F91800903F74 /* sliderTests.xctest */,
			);
			name = Products;
			sourceTree = "<group>";
		};
		2B5D7B171AE8F91800903F74 /* slider */ = {
			isa = PBXGroup;
			children = (
				2BDB14991AE9BC47003E410E /* screengif */,
				2B5D7B3E1AE90B1200903F74 /* grid.jpg */,
				2B5D7B1A1AE8F91800903F74 /* AppDelegate.swift */,
				2B5D7B1C1AE8F91800903F74 /* MainViewController.swift */,
				2B5D7B3A1AE8FAFC00903F74 /* BottomViewController.swift */,
				2B5D7B3C1AE8FB7200903F74 /* TopViewController.swift */,
				2B5D7B1E1AE8F91800903F74 /* Main.storyboard */,
				2B5D7B211AE8F91800903F74 /* Images.xcassets */,
				2B5D7B231AE8F91800903F74 /* LaunchScreen.xib */,
				2B5D7B181AE8F91800903F74 /* Supporting Files */,
			);
			path = slider;
			sourceTree = "<group>";
		};
		2B5D7B181AE8F91800903F74 /* Supporting Files */ = {
			isa = PBXGroup;
			children = (
				2B5D7B191AE8F91800903F74 /* Info.plist */,
			);
			name = "Supporting Files";
			sourceTree = "<group>";
		};
		2B5D7B2D1AE8F91800903F74 /* sliderTests */ = {
			isa = PBXGroup;
			children = (
				2B5D7B301AE8F91800903F74 /* sliderTests.swift */,
				2B5D7B2E1AE8F91800903F74 /* Supporting Files */,
			);
			path = sliderTests;
			sourceTree = "<group>";
		};
		2B5D7B2E1AE8F91800903F74 /* Supporting Files */ = {
			isa = PBXGroup;
			children = (
				2B5D7B2F1AE8F91800903F74 /* Info.plist */,
			);
			name = "Supporting Files";
			sourceTree = "<group>";
		};
		2BDB14991AE9BC47003E410E /* screengif */ = {
			isa = PBXGroup;
			children = (
				2BDB149A1AE9BC47003E410E /* screenshot.gif */,
			);
			path = screengif;
			sourceTree = SOURCE_ROOT;
		};
/* End PBXGroup section */

/* Begin PBXNativeTarget section */
		2B5D7B141AE8F91800903F74 /* slider */ = {
			isa = PBXNativeTarget;
			buildConfigurationList = 2B5D7B341AE8F91800903F74 /* Build configuration list for PBXNativeTarget "slider" */;
			buildPhases = (
				2B5D7B111AE8F91800903F74 /* Sources */,
				2B5D7B121AE8F91800903F74 /* Frameworks */,
				2B5D7B131AE8F91800903F74 /* Resources */,
			);
			buildRules = (
			);
			dependencies = (
			);
			name = slider;
			productName = slider;
			productReference = 2B5D7B151AE8F91800903F74 /* slider.app */;
			productType = "com.apple.product-type.application";
		};
		2B5D7B291AE8F91800903F74 /* sliderTests */ = {
			isa = PBXNativeTarget;
			buildConfigurationList = 2B5D7B371AE8F91800903F74 /* Build configuration list for PBXNativeTarget "sliderTests" */;
			buildPhases = (
				2B5D7B261AE8F91800903F74 /* Sources */,
				2B5D7B271AE8F91800903F74 /* Frameworks */,
				2B5D7B281AE8F91800903F74 /* Resources */,
			);
			buildRules = (
			);
			dependencies = (
				2B5D7B2C1AE8F91800903F74 /* PBXTargetDependency */,
			);
			name = sliderTests;
			productName = sliderTests;
			productReference = 2B5D7B2A1AE8F91800903F74 /* sliderTests.xctest */;
			productType = "com.apple.product-type.bundle.unit-test";
		};
/* End PBXNativeTarget section */

/* Begin PBXProject section */
		2B5D7B0D1AE8F91800903F74 /* Project object */ = {
			isa = PBXProject;
			attributes = {
				LastUpgradeCheck = 0630;
				ORGANIZATIONNAME = "Koray Birand";
				TargetAttributes = {
					2B5D7B141AE8F91800903F74 = {
						CreatedOnToolsVersion = 6.3.1;
					};
					2B5D7B291AE8F91800903F74 = {
						CreatedOnToolsVersion = 6.3.1;
						TestTargetID = 2B5D7B141AE8F91800903F74;
					};
				};
			};
			buildConfigurationList = 2B5D7B101AE8F91800903F74 /* Build configuration list for PBXProject "slider" */;
			compatibilityVersion = "Xcode 3.2";
			developmentRegion = English;
			hasScannedForEncodings = 0;
			knownRegions = (
				en,
				Base,
			);
			mainGroup = 2B5D7B0C1AE8F91800903F74;
			productRefGroup = 2B5D7B161AE8F91800903F74 /* Products */;
			projectDirPath = "";
			projectRoot = "";
			targets = (
				2B5D7B141AE8F91800903F74 /* slider */,
				2B5D7B291AE8F91800903F74 /* sliderTests */,
			);
		};
/* End PBXProject section */

/* Begin PBXResourcesBuildPhase section */
		2B5D7B131AE8F91800903F74 /* Resources */ = {
			isa = PBXResourcesBuildPhase;
			buildActionMask = 2147483647;
			files = (
				2B5D7B201AE8F91800903F74 /* Main.storyboard in Resources */,
				2B5D7B3F1AE90B1200903F74 /* grid.jpg in Resources */,
				2B5D7B251AE8F91800903F74 /* LaunchScreen.xib in Resources */,
				2B5D7B221AE8F91800903F74 /* Images.xcassets in Resources */,
				2BDB149B1AE9BC47003E410E /* screenshot.gif in Resources */,
			);
			runOnlyForDeploymentPostprocessing = 0;
		};
		2B5D7B281AE8F91800903F74 /* Resources */ = {
			isa = PBXResourcesBuildPhase;
			buildActionMask = 2147483647;
			files = (
			);
			runOnlyForDeploymentPostprocessing = 0;
		};
/* End PBXResourcesBuildPhase section */

/* Begin PBXSourcesBuildPhase section */
		2B5D7B111AE8F91800903F74 /* Sources */ = {
			isa = PBXSourcesBuildPhase;
			buildActionMask = 2147483647;
			files = (
				2B5D7B3D1AE8FB7200903F74 /* TopViewController.swift in Sources */,
				2B5D7B1D1AE8F91800903F74 /* MainViewController.swift in Sources */,
				2B5D7B1B1AE8F91800903F74 /* AppDelegate.swift in Sources */,
				2B5D7B3B1AE8FAFC00903F74 /* BottomViewController.swift in Sources */,
			);
			runOnlyForDeploymentPostprocessing = 0;
		};
		2B5D7B261AE8F91800903F74 /* Sources */ = {
			isa = PBXSourcesBuildPhase;
			buildActionMask = 2147483647;
			files = (
				2B5D7B311AE8F91800903F74 /* sliderTests.swift in Sources */,
			);
			runOnlyForDeploymentPostprocessing = 0;
		};
/* End PBXSourcesBuildPhase section */

/* Begin PBXTargetDependency section */
		2B5D7B2C1AE8F91800903F74 /* PBXTargetDependency */ = {
			isa = PBXTargetDependency;
			target = 2B5D7B141AE8F91800903F74 /* slider */;
			targetProxy = 2B5D7B2B1AE8F91800903F74 /* PBXContainerItemProxy */;
		};
/* End PBXTargetDependency section */

/* Begin PBXVariantGroup section */
		2B5D7B1E1AE8F91800903F74 /* Main.storyboard */ = {
			isa = PBXVariantGroup;
			children = (
				2B5D7B1F1AE8F91800903F74 /* Base */,
			);
			name = Main.storyboard;
			sourceTree = "<group>";
		};
		2B5D7B231AE8F91800903F74 /* LaunchScreen.xib */ = {
			isa = PBXVariantGroup;
			children = (
				2B5D7B241AE8F91800903F74 /* Base */,
			);
			name = LaunchScreen.xib;
			sourceTree = "<group>";
		};
/* End PBXVariantGroup section */

/* Begin XCBuildConfiguration section */
		2B5D7B321AE8F91800903F74 /* Debug */ = {
			isa = XCBuildConfiguration;
			buildSettings = {
				ALWAYS_SEARCH_USER_PATHS = NO;
				CLANG_CXX_LANGUAGE_STANDARD = "gnu++0x";
				CLANG_CXX_LIBRARY = "libc++";
				CLANG_ENABLE_MODULES = YES;
				CLANG_ENABLE_OBJC_ARC = YES;
				CLANG_WARN_BOOL_CONVERSION = YES;
				CLANG_WARN_CONSTANT_CONVERSION = YES;
				CLANG_WARN_DIRECT_OBJC_ISA_USAGE = YES_ERROR;
				CLANG_WARN_EMPTY_BODY = YES;
				CLANG_WARN_ENUM_CONVERSION = YES;
				CLANG_WARN_INT_CONVERSION = YES;
				CLANG_WARN_OBJC_ROOT_CLASS = YES_ERROR;
				CLANG_WARN_UNREACHABLE_CODE = YES;
				CLANG_WARN__DUPLICATE_METHOD_MATCH = YES;
				"CODE_SIGN_IDENTITY[sdk=iphoneos*]" = "iPhone Developer";
				COPY_PHASE_STRIP = NO;
				DEBUG_INFORMATION_FORMAT = "dwarf-with-dsym";
				ENABLE_STRICT_OBJC_MSGSEND = YES;
				GCC_C_LANGUAGE_STANDARD = gnu99;
				GCC_DYNAMIC_NO_PIC = NO;
				GCC_NO_COMMON_BLOCKS = YES;
				GCC_OPTIMIZATION_LEVEL = 0;
				GCC_PREPROCESSOR_DEFINITIONS = (
					"DEBUG=1",
					"$(inherited)",
				);
				GCC_SYMBOLS_PRIVATE_EXTERN = NO;
				GCC_WARN_64_TO_32_BIT_CONVERSION = YES;
				GCC_WARN_ABOUT_RETURN_TYPE = YES_ERROR;
				GCC_WARN_UNDECLARED_SELECTOR = YES;
				GCC_WARN_UNINITIALIZED_AUTOS = YES_AGGRESSIVE;
				GCC_WARN_UNUSED_FUNCTION = YES;
				GCC_WARN_UNUSED_VARIABLE = YES;
				IPHONEOS_DEPLOYMENT_TARGET = 8.3;
				MTL_ENABLE_DEBUG_INFO = YES;
				ONLY_ACTIVE_ARCH = YES;
				SDKROOT = iphoneos;
				SWIFT_OPTIMIZATION_LEVEL = "-Onone";
			};
			name = Debug;
		};
		2B5D7B331AE8F91800903F74 /* Release */ = {
			isa = XCBuildConfiguration;
			buildSettings = {
				ALWAYS_SEARCH_USER_PATHS = NO;
				CLANG_CXX_LANGUAGE_STANDARD = "gnu++0x";
				CLANG_CXX_LIBRARY = "libc++";
				CLANG_ENABLE_MODULES = YES;
				CLANG_ENABLE_OBJC_ARC = YES;
				CLANG_WARN_BOOL_CONVERSION = YES;
				CLANG_WARN_CONSTANT_CONVERSION = YES;
				CLANG_WARN_DIRECT_OBJC_ISA_USAGE = YES_ERROR;
				CLANG_WARN_EMPTY_BODY = YES;
				CLANG_WARN_ENUM_CONVERSION = YES;
				CLANG_WARN_INT_CONVERSION = YES;
				CLANG_WARN_OBJC_ROOT_CLASS = YES_ERROR;
				CLANG_WARN_UNREACHABLE_CODE = YES;
				CLANG_WARN__DUPLICATE_METHOD_MATCH = YES;
				"CODE_SIGN_IDENTITY[sdk=iphoneos*]" = "iPhone Developer";
				COPY_PHASE_STRIP = NO;
				DEBUG_INFORMATION_FORMAT = "dwarf-with-dsym";
				ENABLE_NS_ASSERTIONS = NO;
				ENABLE_STRICT_OBJC_MSGSEND = YES;
				GCC_C_LANGUAGE_STANDARD = gnu99;
				GCC_NO_COMMON_BLOCKS = YES;
				GCC_WARN_64_TO_32_BIT_CONVERSION = YES;
				GCC_WARN_ABOUT_RETURN_TYPE = YES_ERROR;
				GCC_WARN_UNDECLARED_SELECTOR = YES;
				GCC_WARN_UNINITIALIZED_AUTOS = YES_AGGRESSIVE;
				GCC_WARN_UNUSED_FUNCTION = YES;
				GCC_WARN_UNUSED_VARIABLE = YES;
				IPHONEOS_DEPLOYMENT_TARGET = 8.3;
				MTL_ENABLE_DEBUG_INFO = NO;
				SDKROOT = iphoneos;
				VALIDATE_PRODUCT = YES;
			};
			name = Release;
		};
		2B5D7B351AE8F91800903F74 /* Debug */ = {
			isa = XCBuildConfiguration;
			buildSettings = {
				ASSETCATALOG_COMPILER_APPICON_NAME = AppIcon;
				INFOPLIST_FILE = slider/Info.plist;
				IPHONEOS_DEPLOYMENT_TARGET = 8.0;
				LD_RUNPATH_SEARCH_PATHS = "$(inherited) @executable_path/Frameworks";
				PRODUCT_NAME = "$(TARGET_NAME)";
				TARGETED_DEVICE_FAMILY = "1,2";
			};
			name = Debug;
		};
		2B5D7B361AE8F91800903F74 /* Release */ = {
			isa = XCBuildConfiguration;
			buildSettings = {
				ASSETCATALOG_COMPILER_APPICON_NAME = AppIcon;
				INFOPLIST_FILE = slider/Info.plist;
				IPHONEOS_DEPLOYMENT_TARGET = 8.0;
				LD_RUNPATH_SEARCH_PATHS = "$(inherited) @executable_path/Frameworks";
				PRODUCT_NAME = "$(TARGET_NAME)";
				TARGETED_DEVICE_FAMILY = "1,2";
			};
			name = Release;
		};
		2B5D7B381AE8F91800903F74 /* Debug */ = {
			isa = XCBuildConfiguration;
			buildSettings = {
				BUNDLE_LOADER = "$(TEST_HOST)";
				FRAMEWORK_SEARCH_PATHS = (
					"$(SDKROOT)/Developer/Library/Frameworks",
					"$(inherited)",
				);
				GCC_PREPROCESSOR_DEFINITIONS = (
					"DEBUG=1",
					"$(inherited)",
				);
				INFOPLIST_FILE = sliderTests/Info.plist;
				LD_RUNPATH_SEARCH_PATHS = "$(inherited) @executable_path/Frameworks @loader_path/Frameworks";
				PRODUCT_NAME = "$(TARGET_NAME)";
				TEST_HOST = "$(BUILT_PRODUCTS_DIR)/slider.app/slider";
			};
			name = Debug;
		};
		2B5D7B391AE8F91800903F74 /* Release */ = {
			isa = XCBuildConfiguration;
			buildSettings = {
				BUNDLE_LOADER = "$(TEST_HOST)";
				FRAMEWORK_SEARCH_PATHS = (
					"$(SDKROOT)/Developer/Library/Frameworks",
					"$(inherited)",
				);
				INFOPLIST_FILE = sliderTests/Info.plist;
				LD_RUNPATH_SEARCH_PATHS = "$(inherited) @executable_path/Frameworks @loader_path/Frameworks";
				PRODUCT_NAME = "$(TARGET_NAME)";
				TEST_HOST = "$(BUILT_PRODUCTS_DIR)/slider.app/slider";
			};
			name = Release;
		};
/* End XCBuildConfiguration section */

/* Begin XCConfigurationList section */
		2B5D7B101AE8F91800903F74 /* Build configuration list for PBXProject "slider" */ = {
			isa = XCConfigurationList;
			buildConfigurations = (
				2B5D7B321AE8F91800903F74 /* Debug */,
				2B5D7B331AE8F91800903F74 /* Release */,
			);
			defaultConfigurationIsVisible = 0;
			defaultConfigurationName = Release;
		};
		2B5D7B341AE8F91800903F74 /* Build configuration list for PBXNativeTarget "slider" */ = {
			isa = XCConfigurationList;
			buildConfigurations = (
				2B5D7B351AE8F91800903F74 /* Debug */,
				2B5D7B361AE8F91800903F74 /* Release */,
			);
			defaultConfigurationIsVisible = 0;
			defaultConfigurationName = Release;
		};
		2B5D7B371AE8F91800903F74 /* Build configuration list for PBXNativeTarget "sliderTests" */ = {
			isa = XCConfigurationList;
			buildConfigurations = (
				2B5D7B381AE8F91800903F74 /* Debug */,
				2B5D7B391AE8F91800903F74 /* Release */,
			);
			defaultConfigurationIsVisible = 0;
			defaultConfigurationName = Release;
		};
/* End XCConfigurationList section */
	};
	rootObject = 2B5D7B0D1AE8F91800903F74 /* Project object */;
}
